// !$*UTF8*$!
{
	archiveVersion = 1;
	classes = {
	};
	objectVersion = 77;
	objects = {

/* Begin PBXContainerItemProxy section */
		EA76BB182CFB6AF800DE661B /* PBXContainerItemProxy */ = {
			isa = PBXContainerItemProxy;
			containerPortal = EA76BAFF2CFB6AF700DE661B /* Project object */;
			proxyType = 1;
			remoteGlobalIDString = EA76BB062CFB6AF700DE661B;
			remoteInfo = "Scanner Ap lebensmittel";
		};
		EA76BB222CFB6AF800DE661B /* PBXContainerItemProxy */ = {
			isa = PBXContainerItemProxy;
			containerPortal = EA76BAFF2CFB6AF700DE661B /* Project object */;
			proxyType = 1;
			remoteGlobalIDString = EA76BB062CFB6AF700DE661B;
			remoteInfo = "Scanner Ap lebensmittel";
		};
/* End PBXContainerItemProxy section */

/* Begin PBXFileReference section */
		EA76BB072CFB6AF700DE661B /* Scanner Ap lebensmittel.app */ = {isa = PBXFileReference; explicitFileType = wrapper.application; includeInIndex = 0; path = "Scanner Ap lebensmittel.app"; sourceTree = BUILT_PRODUCTS_DIR; };
		EA76BB172CFB6AF800DE661B /* Scanner Ap lebensmittelTests.xctest */ = {isa = PBXFileReference; explicitFileType = wrapper.cfbundle; includeInIndex = 0; path = "Scanner Ap lebensmittelTests.xctest"; sourceTree = BUILT_PRODUCTS_DIR; };
		EA76BB212CFB6AF800DE661B /* Scanner Ap lebensmittelUITests.xctest */ = {isa = PBXFileReference; explicitFileType = wrapper.cfbundle; includeInIndex = 0; path = "Scanner Ap lebensmittelUITests.xctest"; sourceTree = BUILT_PRODUCTS_DIR; };
/* End PBXFileReference section */

/* Begin PBXFileSystemSynchronizedRootGroup section */
		EA76BB092CFB6AF700DE661B /* Scanner Ap lebensmittel */ = {
			isa = PBXFileSystemSynchronizedRootGroup;
			path = "Scanner Ap lebensmittel";
			sourceTree = "<group>";
		};
		EA76BB1A2CFB6AF800DE661B /* Scanner Ap lebensmittelTests */ = {
			isa = PBXFileSystemSynchronizedRootGroup;
			path = "Scanner Ap lebensmittelTests";
			sourceTree = "<group>";
		};
		EA76BB242CFB6AF800DE661B /* Scanner Ap lebensmittelUITests */ = {
			isa = PBXFileSystemSynchronizedRootGroup;
			path = "Scanner Ap lebensmittelUITests";
			sourceTree = "<group>";
		};
/* End PBXFileSystemSynchronizedRootGroup section */

/* Begin PBXFrameworksBuildPhase section */
		EA76BB042CFB6AF700DE661B /* Frameworks */ = {
			isa = PBXFrameworksBuildPhase;
			buildActionMask = 2147483647;
			files = (
			);
			runOnlyForDeploymentPostprocessing = 0;
		};
		EA76BB142CFB6AF800DE661B /* Frameworks */ = {
			isa = PBXFrameworksBuildPhase;
			buildActionMask = 2147483647;
			files = (
			);
			runOnlyForDeploymentPostprocessing = 0;
		};
		EA76BB1E2CFB6AF800DE661B /* Frameworks */ = {
			isa = PBXFrameworksBuildPhase;
			buildActionMask = 2147483647;
			files = (
			);
			runOnlyForDeploymentPostprocessing = 0;
		};
/* End PBXFrameworksBuildPhase section */

/* Begin PBXGroup section */
		EA76BAFE2CFB6AF700DE661B = {
			isa = PBXGroup;
			children = (
				EA76BB092CFB6AF700DE661B /* Scanner Ap lebensmittel */,
				EA76BB1A2CFB6AF800DE661B /* Scanner Ap lebensmittelTests */,
				EA76BB242CFB6AF800DE661B /* Scanner Ap lebensmittelUITests */,
				EA76BB082CFB6AF700DE661B /* Products */,
			);
			sourceTree = "<group>";
		};
		EA76BB082CFB6AF700DE661B /* Products */ = {
			isa = PBXGroup;
			children = (
				EA76BB072CFB6AF700DE661B /* Scanner Ap lebensmittel.app */,
				EA76BB172CFB6AF800DE661B /* Scanner Ap lebensmittelTests.xctest */,
				EA76BB212CFB6AF800DE661B /* Scanner Ap lebensmittelUITests.xctest */,
			);
			name = Products;
			sourceTree = "<group>";
		};
/* End PBXGroup section */

/* Begin PBXNativeTarget section */
		EA76BB062CFB6AF700DE661B /* Scanner Ap lebensmittel */ = {
			isa = PBXNativeTarget;
			buildConfigurationList = EA76BB2B2CFB6AF800DE661B /* Build configuration list for PBXNativeTarget "Scanner Ap lebensmittel" */;
			buildPhases = (
				EA76BB032CFB6AF700DE661B /* Sources */,
				EA76BB042CFB6AF700DE661B /* Frameworks */,
				EA76BB052CFB6AF700DE661B /* Resources */,
			);
			buildRules = (
			);
			dependencies = (
			);
			fileSystemSynchronizedGroups = (
				EA76BB092CFB6AF700DE661B /* Scanner Ap lebensmittel */,
			);
			name = "Scanner Ap lebensmittel";
			packageProductDependencies = (
			);
			productName = "Scanner Ap lebensmittel";
			productReference = EA76BB072CFB6AF700DE661B /* Scanner Ap lebensmittel.app */;
			productType = "com.apple.product-type.application";
		};
		EA76BB162CFB6AF800DE661B /* Scanner Ap lebensmittelTests */ = {
			isa = PBXNativeTarget;
			buildConfigurationList = EA76BB2E2CFB6AF800DE661B /* Build configuration list for PBXNativeTarget "Scanner Ap lebensmittelTests" */;
			buildPhases = (
				EA76BB132CFB6AF800DE661B /* Sources */,
				EA76BB142CFB6AF800DE661B /* Frameworks */,
				EA76BB152CFB6AF800DE661B /* Resources */,
			);
			buildRules = (
			);
			dependencies = (
				EA76BB192CFB6AF800DE661B /* PBXTargetDependency */,
			);
			fileSystemSynchronizedGroups = (
				EA76BB1A2CFB6AF800DE661B /* Scanner Ap lebensmittelTests */,
			);
			name = "Scanner Ap lebensmittelTests";
			packageProductDependencies = (
			);
			productName = "Scanner Ap lebensmittelTests";
			productReference = EA76BB172CFB6AF800DE661B /* Scanner Ap lebensmittelTests.xctest */;
			productType = "com.apple.product-type.bundle.unit-test";
		};
		EA76BB202CFB6AF800DE661B /* Scanner Ap lebensmittelUITests */ = {
			isa = PBXNativeTarget;
			buildConfigurationList = EA76BB312CFB6AF800DE661B /* Build configuration list for PBXNativeTarget "Scanner Ap lebensmittelUITests" */;
			buildPhases = (
				EA76BB1D2CFB6AF800DE661B /* Sources */,
				EA76BB1E2CFB6AF800DE661B /* Frameworks */,
				EA76BB1F2CFB6AF800DE661B /* Resources */,
			);
			buildRules = (
			);
			dependencies = (
				EA76BB232CFB6AF800DE661B /* PBXTargetDependency */,
			);
			fileSystemSynchronizedGroups = (
				EA76BB242CFB6AF800DE661B /* Scanner Ap lebensmittelUITests */,
			);
			name = "Scanner Ap lebensmittelUITests";
			packageProductDependencies = (
			);
			productName = "Scanner Ap lebensmittelUITests";
			productReference = EA76BB212CFB6AF800DE661B /* Scanner Ap lebensmittelUITests.xctest */;
			productType = "com.apple.product-type.bundle.ui-testing";
		};
/* End PBXNativeTarget section */

/* Begin PBXProject section */
		EA76BAFF2CFB6AF700DE661B /* Project object */ = {
			isa = PBXProject;
			attributes = {
				BuildIndependentTargetsInParallel = 1;
				LastSwiftUpdateCheck = 1610;
				LastUpgradeCheck = 1610;
				TargetAttributes = {
					EA76BB062CFB6AF700DE661B = {
						CreatedOnToolsVersion = 16.1;
					};
					EA76BB162CFB6AF800DE661B = {
						CreatedOnToolsVersion = 16.1;
						TestTargetID = EA76BB062CFB6AF700DE661B;
					};
					EA76BB202CFB6AF800DE661B = {
						CreatedOnToolsVersion = 16.1;
						TestTargetID = EA76BB062CFB6AF700DE661B;
					};
				};
			};
			buildConfigurationList = EA76BB022CFB6AF700DE661B /* Build configuration list for PBXProject "Scanner Ap lebensmittel" */;
			developmentRegion = en;
			hasScannedForEncodings = 0;
			knownRegions = (
				en,
				Base,
			);
			mainGroup = EA76BAFE2CFB6AF700DE661B;
			minimizedProjectReferenceProxies = 1;
			preferredProjectObjectVersion = 77;
			productRefGroup = EA76BB082CFB6AF700DE661B /* Products */;
			projectDirPath = "";
			projectRoot = "";
			targets = (
				EA76BB062CFB6AF700DE661B /* Scanner Ap lebensmittel */,
				EA76BB162CFB6AF800DE661B /* Scanner Ap lebensmittelTests */,
				EA76BB202CFB6AF800DE661B /* Scanner Ap lebensmittelUITests */,
			);
		};
/* End PBXProject section */

/* Begin PBXResourcesBuildPhase section */
		EA76BB052CFB6AF700DE661B /* Resources */ = {
			isa = PBXResourcesBuildPhase;
			buildActionMask = 2147483647;
			files = (
			);
			runOnlyForDeploymentPostprocessing = 0;
		};
		EA76BB152CFB6AF800DE661B /* Resources */ = {
			isa = PBXResourcesBuildPhase;
			buildActionMask = 2147483647;
			files = (
			);
			runOnlyForDeploymentPostprocessing = 0;
		};
		EA76BB1F2CFB6AF800DE661B /* Resources */ = {
			isa = PBXResourcesBuildPhase;
			buildActionMask = 2147483647;
			files = (
			);
			runOnlyForDeploymentPostprocessing = 0;
		};
/* End PBXResourcesBuildPhase section */

/* Begin PBXSourcesBuildPhase section */
		EA76BB032CFB6AF700DE661B /* Sources */ = {
			isa = PBXSourcesBuildPhase;
			buildActionMask = 2147483647;
			files = (
			);
			runOnlyForDeploymentPostprocessing = 0;
		};
		EA76BB132CFB6AF800DE661B /* Sources */ = {
			isa = PBXSourcesBuildPhase;
			buildActionMask = 2147483647;
			files = (
			);
			runOnlyForDeploymentPostprocessing = 0;
		};
		EA76BB1D2CFB6AF800DE661B /* Sources */ = {
			isa = PBXSourcesBuildPhase;
			buildActionMask = 2147483647;
			files = (
			);
			runOnlyForDeploymentPostprocessing = 0;
		};
/* End PBXSourcesBuildPhase section */

/* Begin PBXTargetDependency section */
		EA76BB192CFB6AF800DE661B /* PBXTargetDependency */ = {
			isa = PBXTargetDependency;
			target = EA76BB062CFB6AF700DE661B /* Scanner Ap lebensmittel */;
			targetProxy = EA76BB182CFB6AF800DE661B /* PBXContainerItemProxy */;
		};
		EA76BB232CFB6AF800DE661B /* PBXTargetDependency */ = {
			isa = PBXTargetDependency;
			target = EA76BB062CFB6AF700DE661B /* Scanner Ap lebensmittel */;
			targetProxy = EA76BB222CFB6AF800DE661B /* PBXContainerItemProxy */;
		};
/* End PBXTargetDependency section */

/* Begin XCBuildConfiguration section */
		EA76BB292CFB6AF800DE661B /* Debug */ = {
			isa = XCBuildConfiguration;
			buildSettings = {
				ALWAYS_SEARCH_USER_PATHS = NO;
				ASSETCATALOG_COMPILER_GENERATE_SWIFT_ASSET_SYMBOL_EXTENSIONS = YES;
				CLANG_ANALYZER_NONNULL = YES;
				CLANG_ANALYZER_NUMBER_OBJECT_CONVERSION = YES_AGGRESSIVE;
				CLANG_CXX_LANGUAGE_STANDARD = "gnu++20";
				CLANG_ENABLE_MODULES = YES;
				CLANG_ENABLE_OBJC_ARC = YES;
				CLANG_ENABLE_OBJC_WEAK = YES;
				CLANG_WARN_BLOCK_CAPTURE_AUTORELEASING = YES;
				CLANG_WARN_BOOL_CONVERSION = YES;
				CLANG_WARN_COMMA = YES;
				CLANG_WARN_CONSTANT_CONVERSION = YES;
				CLANG_WARN_DEPRECATED_OBJC_IMPLEMENTATIONS = YES;
				CLANG_WARN_DIRECT_OBJC_ISA_USAGE = YES_ERROR;
				CLANG_WARN_DOCUMENTATION_COMMENTS = YES;
				CLANG_WARN_EMPTY_BODY = YES;
				CLANG_WARN_ENUM_CONVERSION = YES;
				CLANG_WARN_INFINITE_RECURSION = YES;
				CLANG_WARN_INT_CONVERSION = YES;
				CLANG_WARN_NON_LITERAL_NULL_CONVERSION = YES;
				CLANG_WARN_OBJC_IMPLICIT_RETAIN_SELF = YES;
				CLANG_WARN_OBJC_LITERAL_CONVERSION = YES;
				CLANG_WARN_OBJC_ROOT_CLASS = YES_ERROR;
				CLANG_WARN_QUOTED_INCLUDE_IN_FRAMEWORK_HEADER = YES;
				CLANG_WARN_RANGE_LOOP_ANALYSIS = YES;
				CLANG_WARN_STRICT_PROTOTYPES = YES;
				CLANG_WARN_SUSPICIOUS_MOVE = YES;
				CLANG_WARN_UNGUARDED_AVAILABILITY = YES_AGGRESSIVE;
				CLANG_WARN_UNREACHABLE_CODE = YES;
				CLANG_WARN__DUPLICATE_METHOD_MATCH = YES;
				COPY_PHASE_STRIP = NO;
				DEBUG_INFORMATION_FORMAT = dwarf;
				ENABLE_STRICT_OBJC_MSGSEND = YES;
				ENABLE_TESTABILITY = YES;
				ENABLE_USER_SCRIPT_SANDBOXING = YES;
				GCC_C_LANGUAGE_STANDARD = gnu17;
				GCC_DYNAMIC_NO_PIC = NO;
				GCC_NO_COMMON_BLOCKS = YES;
				GCC_OPTIMIZATION_LEVEL = 0;
				GCC_PREPROCESSOR_DEFINITIONS = (
					"DEBUG=1",
					"$(inherited)",
				);
				GCC_WARN_64_TO_32_BIT_CONVERSION = YES;
				GCC_WARN_ABOUT_RETURN_TYPE = YES_ERROR;
				GCC_WARN_UNDECLARED_SELECTOR = YES;
				GCC_WARN_UNINITIALIZED_AUTOS = YES_AGGRESSIVE;
				GCC_WARN_UNUSED_FUNCTION = YES;
				GCC_WARN_UNUSED_VARIABLE = YES;
				IPHONEOS_DEPLOYMENT_TARGET = 18.1;
				LOCALIZATION_PREFERS_STRING_CATALOGS = YES;
				MTL_ENABLE_DEBUG_INFO = INCLUDE_SOURCE;
				MTL_FAST_MATH = YES;
				ONLY_ACTIVE_ARCH = YES;
				SDKROOT = iphoneos;
				SWIFT_ACTIVE_COMPILATION_CONDITIONS = "DEBUG $(inherited)";
				SWIFT_OPTIMIZATION_LEVEL = "-Onone";
			};
			name = Debug;
		};
		EA76BB2A2CFB6AF800DE661B /* Release */ = {
			isa = XCBuildConfiguration;
			buildSettings = {
				ALWAYS_SEARCH_USER_PATHS = NO;
				ASSETCATALOG_COMPILER_GENERATE_SWIFT_ASSET_SYMBOL_EXTENSIONS = YES;
				CLANG_ANALYZER_NONNULL = YES;
				CLANG_ANALYZER_NUMBER_OBJECT_CONVERSION = YES_AGGRESSIVE;
				CLANG_CXX_LANGUAGE_STANDARD = "gnu++20";
				CLANG_ENABLE_MODULES = YES;
				CLANG_ENABLE_OBJC_ARC = YES;
				CLANG_ENABLE_OBJC_WEAK = YES;
				CLANG_WARN_BLOCK_CAPTURE_AUTORELEASING = YES;
				CLANG_WARN_BOOL_CONVERSION = YES;
				CLANG_WARN_COMMA = YES;
				CLANG_WARN_CONSTANT_CONVERSION = YES;
				CLANG_WARN_DEPRECATED_OBJC_IMPLEMENTATIONS = YES;
				CLANG_WARN_DIRECT_OBJC_ISA_USAGE = YES_ERROR;
				CLANG_WARN_DOCUMENTATION_COMMENTS = YES;
				CLANG_WARN_EMPTY_BODY = YES;
				CLANG_WARN_ENUM_CONVERSION = YES;
				CLANG_WARN_INFINITE_RECURSION = YES;
				CLANG_WARN_INT_CONVERSION = YES;
				CLANG_WARN_NON_LITERAL_NULL_CONVERSION = YES;
				CLANG_WARN_OBJC_IMPLICIT_RETAIN_SELF = YES;
				CLANG_WARN_OBJC_LITERAL_CONVERSION = YES;
				CLANG_WARN_OBJC_ROOT_CLASS = YES_ERROR;
				CLANG_WARN_QUOTED_INCLUDE_IN_FRAMEWORK_HEADER = YES;
				CLANG_WARN_RANGE_LOOP_ANALYSIS = YES;
				CLANG_WARN_STRICT_PROTOTYPES = YES;
				CLANG_WARN_SUSPICIOUS_MOVE = YES;
				CLANG_WARN_UNGUARDED_AVAILABILITY = YES_AGGRESSIVE;
				CLANG_WARN_UNREACHABLE_CODE = YES;
				CLANG_WARN__DUPLICATE_METHOD_MATCH = YES;
				COPY_PHASE_STRIP = NO;
				DEBUG_INFORMATION_FORMAT = "dwarf-with-dsym";
				ENABLE_NS_ASSERTIONS = NO;
				ENABLE_STRICT_OBJC_MSGSEND = YES;
				ENABLE_USER_SCRIPT_SANDBOXING = YES;
				GCC_C_LANGUAGE_STANDARD = gnu17;
				GCC_NO_COMMON_BLOCKS = YES;
				GCC_WARN_64_TO_32_BIT_CONVERSION = YES;
				GCC_WARN_ABOUT_RETURN_TYPE = YES_ERROR;
				GCC_WARN_UNDECLARED_SELECTOR = YES;
				GCC_WARN_UNINITIALIZED_AUTOS = YES_AGGRESSIVE;
				GCC_WARN_UNUSED_FUNCTION = YES;
				GCC_WARN_UNUSED_VARIABLE = YES;
				IPHONEOS_DEPLOYMENT_TARGET = 18.1;
				LOCALIZATION_PREFERS_STRING_CATALOGS = YES;
				MTL_ENABLE_DEBUG_INFO = NO;
				MTL_FAST_MATH = YES;
				SDKROOT = iphoneos;
				SWIFT_COMPILATION_MODE = wholemodule;
				VALIDATE_PRODUCT = YES;
			};
			name = Release;
		};
		EA76BB2C2CFB6AF800DE661B /* Debug */ = {
			isa = XCBuildConfiguration;
			buildSettings = {
				ASSETCATALOG_COMPILER_APPICON_NAME = AppIcon;
				ASSETCATALOG_COMPILER_GLOBAL_ACCENT_COLOR_NAME = AccentColor;
				CODE_SIGN_STYLE = Automatic;
				CURRENT_PROJECT_VERSION = 1;
				DEVELOPMENT_ASSET_PATHS = "\"Scanner Ap lebensmittel/Preview Content\"";
				DEVELOPMENT_TEAM = C8W956J548;
				ENABLE_PREVIEWS = YES;
				GENERATE_INFOPLIST_FILE = YES;
				INFOPLIST_KEY_UIApplicationSceneManifest_Generation = YES;
				INFOPLIST_KEY_UIApplicationSupportsIndirectInputEvents = YES;
				INFOPLIST_KEY_UILaunchScreen_Generation = YES;
				INFOPLIST_KEY_UISupportedInterfaceOrientations_iPad = "UIInterfaceOrientationPortrait UIInterfaceOrientationPortraitUpsideDown UIInterfaceOrientationLandscapeLeft UIInterfaceOrientationLandscapeRight";
				INFOPLIST_KEY_UISupportedInterfaceOrientations_iPhone = "UIInterfaceOrientationPortrait UIInterfaceOrientationLandscapeLeft UIInterfaceOrientationLandscapeRight";
				LD_RUNPATH_SEARCH_PATHS = (
					"$(inherited)",
					"@executable_path/Frameworks",
				);
				MARKETING_VERSION = 1.0;
				PRODUCT_BUNDLE_IDENTIFIER = "Siryl-Souissi.Scanner-Ap-lebensmittel";
				PRODUCT_NAME = "$(TARGET_NAME)";
				SWIFT_EMIT_LOC_STRINGS = YES;
				SWIFT_VERSION = 5.0;
				TARGETED_DEVICE_FAMILY = "1,2";
			};
			name = Debug;
		};
		EA76BB2D2CFB6AF800DE661B /* Release */ = {
			isa = XCBuildConfiguration;
			buildSettings = {
				ASSETCATALOG_COMPILER_APPICON_NAME = AppIcon;
				ASSETCATALOG_COMPILER_GLOBAL_ACCENT_COLOR_NAME = AccentColor;
				CODE_SIGN_STYLE = Automatic;
				CURRENT_PROJECT_VERSION = 1;
				DEVELOPMENT_ASSET_PATHS = "\"Scanner Ap lebensmittel/Preview Content\"";
				DEVELOPMENT_TEAM = C8W956J548;
				ENABLE_PREVIEWS = YES;
				GENERATE_INFOPLIST_FILE = YES;
				INFOPLIST_KEY_UIApplicationSceneManifest_Generation = YES;
				INFOPLIST_KEY_UIApplicationSupportsIndirectInputEvents = YES;
				INFOPLIST_KEY_UILaunchScreen_Generation = YES;
				INFOPLIST_KEY_UISupportedInterfaceOrientations_iPad = "UIInterfaceOrientationPortrait UIInterfaceOrientationPortraitUpsideDown UIInterfaceOrientationLandscapeLeft UIInterfaceOrientationLandscapeRight";
				INFOPLIST_KEY_UISupportedInterfaceOrientations_iPhone = "UIInterfaceOrientationPortrait UIInterfaceOrientationLandscapeLeft UIInterfaceOrientationLandscapeRight";
				LD_RUNPATH_SEARCH_PATHS = (
					"$(inherited)",
					"@executable_path/Frameworks",
				);
				MARKETING_VERSION = 1.0;
				PRODUCT_BUNDLE_IDENTIFIER = "Siryl-Souissi.Scanner-Ap-lebensmittel";
				PRODUCT_NAME = "$(TARGET_NAME)";
				SWIFT_EMIT_LOC_STRINGS = YES;
				SWIFT_VERSION = 5.0;
				TARGETED_DEVICE_FAMILY = "1,2";
			};
			name = Release;
		};
		EA76BB2F2CFB6AF800DE661B /* Debug */ = {
			isa = XCBuildConfiguration;
			buildSettings = {
				BUNDLE_LOADER = "$(TEST_HOST)";
				CODE_SIGN_STYLE = Automatic;
				CURRENT_PROJECT_VERSION = 1;
				DEVELOPMENT_TEAM = C8W956J548;
				GENERATE_INFOPLIST_FILE = YES;
				IPHONEOS_DEPLOYMENT_TARGET = 18.1;
				MARKETING_VERSION = 1.0;
				PRODUCT_BUNDLE_IDENTIFIER = "Siryl-Souissi.Scanner-Ap-lebensmittelTests";
				PRODUCT_NAME = "$(TARGET_NAME)";
				SWIFT_EMIT_LOC_STRINGS = NO;
				SWIFT_VERSION = 5.0;
				TARGETED_DEVICE_FAMILY = "1,2";
				TEST_HOST = "$(BUILT_PRODUCTS_DIR)/Scanner Ap lebensmittel.app/$(BUNDLE_EXECUTABLE_FOLDER_PATH)/Scanner Ap lebensmittel";
			};
			name = Debug;
		};
		EA76BB302CFB6AF800DE661B /* Release */ = {
			isa = XCBuildConfiguration;
			buildSettings = {
				BUNDLE_LOADER = "$(TEST_HOST)";
				CODE_SIGN_STYLE = Automatic;
				CURRENT_PROJECT_VERSION = 1;
				DEVELOPMENT_TEAM = C8W956J548;
				GENERATE_INFOPLIST_FILE = YES;
				IPHONEOS_DEPLOYMENT_TARGET = 18.1;
				MARKETING_VERSION = 1.0;
				PRODUCT_BUNDLE_IDENTIFIER = "Siryl-Souissi.Scanner-Ap-lebensmittelTests";
				PRODUCT_NAME = "$(TARGET_NAME)";
				SWIFT_EMIT_LOC_STRINGS = NO;
				SWIFT_VERSION = 5.0;
				TARGETED_DEVICE_FAMILY = "1,2";
				TEST_HOST = "$(BUILT_PRODUCTS_DIR)/Scanner Ap lebensmittel.app/$(BUNDLE_EXECUTABLE_FOLDER_PATH)/Scanner Ap lebensmittel";
			};
			name = Release;
		};
		EA76BB322CFB6AF800DE661B /* Debug */ = {
			isa = XCBuildConfiguration;
			buildSettings = {
				CODE_SIGN_STYLE = Automatic;
				CURRENT_PROJECT_VERSION = 1;
				DEVELOPMENT_TEAM = C8W956J548;
				GENERATE_INFOPLIST_FILE = YES;
				MARKETING_VERSION = 1.0;
				PRODUCT_BUNDLE_IDENTIFIER = "Siryl-Souissi.Scanner-Ap-lebensmittelUITests";
				PRODUCT_NAME = "$(TARGET_NAME)";
				SWIFT_EMIT_LOC_STRINGS = NO;
				SWIFT_VERSION = 5.0;
				TARGETED_DEVICE_FAMILY = "1,2";
				TEST_TARGET_NAME = "Scanner Ap lebensmittel";
			};
			name = Debug;
		};
		EA76BB332CFB6AF800DE661B /* Release */ = {
			isa = XCBuildConfiguration;
			buildSettings = {
				CODE_SIGN_STYLE = Automatic;
				CURRENT_PROJECT_VERSION = 1;
				DEVELOPMENT_TEAM = C8W956J548;
				GENERATE_INFOPLIST_FILE = YES;
				MARKETING_VERSION = 1.0;
				PRODUCT_BUNDLE_IDENTIFIER = "Siryl-Souissi.Scanner-Ap-lebensmittelUITests";
				PRODUCT_NAME = "$(TARGET_NAME)";
				SWIFT_EMIT_LOC_STRINGS = NO;
				SWIFT_VERSION = 5.0;
				TARGETED_DEVICE_FAMILY = "1,2";
				TEST_TARGET_NAME = "Scanner Ap lebensmittel";
			};
			name = Release;
		};
/* End XCBuildConfiguration section */

/* Begin XCConfigurationList section */
		EA76BB022CFB6AF700DE661B /* Build configuration list for PBXProject "Scanner Ap lebensmittel" */ = {
			isa = XCConfigurationList;
			buildConfigurations = (
				EA76BB292CFB6AF800DE661B /* Debug */,
				EA76BB2A2CFB6AF800DE661B /* Release */,
			);
			defaultConfigurationIsVisible = 0;
			defaultConfigurationName = Release;
		};
		EA76BB2B2CFB6AF800DE661B /* Build configuration list for PBXNativeTarget "Scanner Ap lebensmittel" */ = {
			isa = XCConfigurationList;
			buildConfigurations = (
				EA76BB2C2CFB6AF800DE661B /* Debug */,
				EA76BB2D2CFB6AF800DE661B /* Release */,
			);
			defaultConfigurationIsVisible = 0;
			defaultConfigurationName = Release;
		};
		EA76BB2E2CFB6AF800DE661B /* Build configuration list for PBXNativeTarget "Scanner Ap lebensmittelTests" */ = {
			isa = XCConfigurationList;
			buildConfigurations = (
				EA76BB2F2CFB6AF800DE661B /* Debug */,
				EA76BB302CFB6AF800DE661B /* Release */,
			);
			defaultConfigurationIsVisible = 0;
			defaultConfigurationName = Release;
		};
		EA76BB312CFB6AF800DE661B /* Build configuration list for PBXNativeTarget "Scanner Ap lebensmittelUITests" */ = {
			isa = XCConfigurationList;
			buildConfigurations = (
				EA76BB322CFB6AF800DE661B /* Debug */,
				EA76BB332CFB6AF800DE661B /* Release */,
			);
			defaultConfigurationIsVisible = 0;
			defaultConfigurationName = Release;
		};
/* End XCConfigurationList section */
	};
	rootObject = EA76BAFF2CFB6AF700DE661B /* Project object */;
}
